{
  "requires": true,
  "lockfileVersion": 1,
  "dependencies": {
    "dewstrings": {
      "version": "1.0.0",
      "resolved": "https://registry.npmjs.org/dewstrings/-/dewstrings-1.0.0.tgz",
      "integrity": "sha512-C5cNlWQ3R9h2oHVEB++IAb1gBx3XpZeJDMb+2w9WV12eIKAinmForzg5IkrNmneGaXkhmVsUZ2fG+zZzIO5y1w=="
    }
  }
}
